
Microsoft Visual Studio Solution File, Format Version 12.00
# Visual Studio 15
VisualStudioVersion = 15.0.28010.2050
MinimumVisualStudioVersion = 10.0.40219.1
Project("{FAE04EC0-301F-11D3-BF4B-00C04F79EFBC}") = "Space_Invaders", "Space Invaders\Space_Invaders\Space_Invaders.csproj", "{2DDDBF25-7D53-492B-85D9-86B5268F6B66}"
EndProject
Project("{96E2B04D-8817-42C6-938A-82C39BA4D311}") = "Space_InvadersContent", "Space Invaders\Space_InvadersContent\Space_InvadersContent.contentproj", "{383AB857-BDA8-43D7-A993-F710483BD15E}"
EndProject
Global
	GlobalSection(SolutionConfigurationPlatforms) = preSolution
		Debug|x86 = Debug|x86
		Release|x86 = Release|x86
	EndGlobalSection
	GlobalSection(ProjectConfigurationPlatforms) = postSolution
		{2DDDBF25-7D53-492B-85D9-86B5268F6B66}.Debug|x86.ActiveCfg = Debug|x86
		{2DDDBF25-7D53-492B-85D9-86B5268F6B66}.Debug|x86.Build.0 = Debug|x86
		{2DDDBF25-7D53-492B-85D9-86B5268F6B66}.Release|x86.ActiveCfg = Release|x86
		{2DDDBF25-7D53-492B-85D9-86B5268F6B66}.Release|x86.Build.0 = Release|x86
		{383AB857-BDA8-43D7-A993-F710483BD15E}.Debug|x86.ActiveCfg = Debug|x86
		{383AB857-BDA8-43D7-A993-F710483BD15E}.Release|x86.ActiveCfg = Release|x86
	EndGlobalSection
	GlobalSection(SolutionProperties) = preSolution
		HideSolutionNode = FALSE
	EndGlobalSection
	GlobalSection(ExtensibilityGlobals) = postSolution
		SolutionGuid = {55756102-01DD-4E3F-A524-CB2209A4379E}
	EndGlobalSection
EndGlobal
